
Microsoft Visual Studio Solution File, Format Version 12.00
# Visual Studio 15
VisualStudioVersion = 15.0.28307.271
MinimumVisualStudioVersion = 10.0.40219.1
Project("{9A19103F-16F7-4668-BE54-9A1E7A4F7556}") = "Grep", "Grep\Grep.csproj", "{AA23F3AB-F931-43C5-9933-C7678223D606}"
EndProject
Project("{FAE04EC0-301F-11D3-BF4B-00C04F79EFBC}") = "RegexTests", "RegexTests\RegexTests.csproj", "{658A1F3E-52A8-4449-BA55-0987804C5FD0}"
EndProject
Global
	GlobalSection(SolutionConfigurationPlatforms) = preSolution
		Debug|Any CPU = Debug|Any CPU
		Release|Any CPU = Release|Any CPU
	EndGlobalSection
	GlobalSection(ProjectConfigurationPlatforms) = postSolution
		{AA23F3AB-F931-43C5-9933-C7678223D606}.Debug|Any CPU.ActiveCfg = Debug|Any CPU
		{AA23F3AB-F931-43C5-9933-C7678223D606}.Debug|Any CPU.Build.0 = Debug|Any CPU
		{AA23F3AB-F931-43C5-9933-C7678223D606}.Release|Any CPU.ActiveCfg = Release|Any CPU
		{AA23F3AB-F931-43C5-9933-C7678223D606}.Release|Any CPU.Build.0 = Release|Any CPU
		{658A1F3E-52A8-4449-BA55-0987804C5FD0}.Debug|Any CPU.ActiveCfg = Debug|Any CPU
		{658A1F3E-52A8-4449-BA55-0987804C5FD0}.Debug|Any CPU.Build.0 = Debug|Any CPU
		{658A1F3E-52A8-4449-BA55-0987804C5FD0}.Release|Any CPU.ActiveCfg = Release|Any CPU
		{658A1F3E-52A8-4449-BA55-0987804C5FD0}.Release|Any CPU.Build.0 = Release|Any CPU
	EndGlobalSection
	GlobalSection(SolutionProperties) = preSolution
		HideSolutionNode = FALSE
	EndGlobalSection
	GlobalSection(ExtensibilityGlobals) = postSolution
		SolutionGuid = {EE91DA8E-4C1D-4B6E-8364-3264252A3341}
	EndGlobalSection
EndGlobal
